
Microsoft Visual Studio Solution File, Format Version 12.00
# Visual Studio Version 17
VisualStudioVersion = 17.2.32630.192
MinimumVisualStudioVersion = 10.0.40219.1
Project("{FAE04EC0-301F-11D3-BF4B-00C04F79EFBC}") = "Lesson8task", "Lesson8task\Lesson8task.csproj", "{63AE509C-81B3-4786-9715-71ACD5E41992}"
EndProject
Global
	GlobalSection(SolutionConfigurationPlatforms) = preSolution
		Debug|Any CPU = Debug|Any CPU
		Release|Any CPU = Release|Any CPU
	EndGlobalSection
	GlobalSection(ProjectConfigurationPlatforms) = postSolution
		{63AE509C-81B3-4786-9715-71ACD5E41992}.Debug|Any CPU.ActiveCfg = Debug|Any CPU
		{63AE509C-81B3-4786-9715-71ACD5E41992}.Debug|Any CPU.Build.0 = Debug|Any CPU
		{63AE509C-81B3-4786-9715-71ACD5E41992}.Release|Any CPU.ActiveCfg = Release|Any CPU
		{63AE509C-81B3-4786-9715-71ACD5E41992}.Release|Any CPU.Build.0 = Release|Any CPU
	EndGlobalSection
	GlobalSection(SolutionProperties) = preSolution
		HideSolutionNode = FALSE
	EndGlobalSection
	GlobalSection(ExtensibilityGlobals) = postSolution
		SolutionGuid = {20A14AD1-A31F-4A90-B50A-6410D8ACC90E}
	EndGlobalSection
EndGlobal
